
Microsoft Visual Studio Solution File, Format Version 12.00
# Visual Studio 15
VisualStudioVersion = 15.0.27703.2000
MinimumVisualStudioVersion = 10.0.40219.1
Project("{FAE04EC0-301F-11D3-BF4B-00C04F79EFBC}") = "MovieCom.Web", "MovieCom.Web\MovieCom.Web.csproj", "{D46A7ED9-0C00-441D-BEB3-A6C7E2D08365}"
	ProjectSection(ProjectDependencies) = postProject
		{AC8258C2-4892-4205-9339-C7A741BFD4C8} = {AC8258C2-4892-4205-9339-C7A741BFD4C8}
	EndProjectSection
EndProject
Project("{FAE04EC0-301F-11D3-BF4B-00C04F79EFBC}") = "MovieCom.Domain", "MovieCom.Domain\MovieCom.Domain.csproj", "{14C02EB7-AD9E-4CBE-87EF-6F6BFCE54F5F}"
EndProject
Project("{FAE04EC0-301F-11D3-BF4B-00C04F79EFBC}") = "MovieCom.Persistence", "MovieCom.Persistence\MovieCom.Persistence.csproj", "{18D593CC-383D-4443-B712-4FCF292C7A65}"
	ProjectSection(ProjectDependencies) = postProject
		{14C02EB7-AD9E-4CBE-87EF-6F6BFCE54F5F} = {14C02EB7-AD9E-4CBE-87EF-6F6BFCE54F5F}
	EndProjectSection
EndProject
Project("{FAE04EC0-301F-11D3-BF4B-00C04F79EFBC}") = "MovieCom.Service", "MovieCom.Service\MovieCom.Service.csproj", "{AC8258C2-4892-4205-9339-C7A741BFD4C8}"
	ProjectSection(ProjectDependencies) = postProject
		{14C02EB7-AD9E-4CBE-87EF-6F6BFCE54F5F} = {14C02EB7-AD9E-4CBE-87EF-6F6BFCE54F5F}
	EndProjectSection
EndProject
Global
	GlobalSection(SolutionConfigurationPlatforms) = preSolution
		Debug|Any CPU = Debug|Any CPU
		Release|Any CPU = Release|Any CPU
	EndGlobalSection
	GlobalSection(ProjectConfigurationPlatforms) = postSolution
		{D46A7ED9-0C00-441D-BEB3-A6C7E2D08365}.Debug|Any CPU.ActiveCfg = Debug|Any CPU
		{D46A7ED9-0C00-441D-BEB3-A6C7E2D08365}.Debug|Any CPU.Build.0 = Debug|Any CPU
		{D46A7ED9-0C00-441D-BEB3-A6C7E2D08365}.Release|Any CPU.ActiveCfg = Release|Any CPU
		{D46A7ED9-0C00-441D-BEB3-A6C7E2D08365}.Release|Any CPU.Build.0 = Release|Any CPU
		{14C02EB7-AD9E-4CBE-87EF-6F6BFCE54F5F}.Debug|Any CPU.ActiveCfg = Debug|Any CPU
		{14C02EB7-AD9E-4CBE-87EF-6F6BFCE54F5F}.Debug|Any CPU.Build.0 = Debug|Any CPU
		{14C02EB7-AD9E-4CBE-87EF-6F6BFCE54F5F}.Release|Any CPU.ActiveCfg = Release|Any CPU
		{14C02EB7-AD9E-4CBE-87EF-6F6BFCE54F5F}.Release|Any CPU.Build.0 = Release|Any CPU
		{18D593CC-383D-4443-B712-4FCF292C7A65}.Debug|Any CPU.ActiveCfg = Debug|Any CPU
		{18D593CC-383D-4443-B712-4FCF292C7A65}.Debug|Any CPU.Build.0 = Debug|Any CPU
		{18D593CC-383D-4443-B712-4FCF292C7A65}.Release|Any CPU.ActiveCfg = Release|Any CPU
		{18D593CC-383D-4443-B712-4FCF292C7A65}.Release|Any CPU.Build.0 = Release|Any CPU
		{AC8258C2-4892-4205-9339-C7A741BFD4C8}.Debug|Any CPU.ActiveCfg = Debug|Any CPU
		{AC8258C2-4892-4205-9339-C7A741BFD4C8}.Debug|Any CPU.Build.0 = Debug|Any CPU
		{AC8258C2-4892-4205-9339-C7A741BFD4C8}.Release|Any CPU.ActiveCfg = Release|Any CPU
		{AC8258C2-4892-4205-9339-C7A741BFD4C8}.Release|Any CPU.Build.0 = Release|Any CPU
	EndGlobalSection
	GlobalSection(SolutionProperties) = preSolution
		HideSolutionNode = FALSE
	EndGlobalSection
	GlobalSection(ExtensibilityGlobals) = postSolution
		SolutionGuid = {6399B347-30AE-4679-AB09-C9FF8B8DF3B4}
	EndGlobalSection
EndGlobal
